{
  "name": "node-poc",
  "version": "1.0.0",
  "lockfileVersion": 3,
  "requires": true,
  "packages": {
    "": {
      "name": "node-poc",
      "version": "1.0.0",
      "license": "MIT",
      "dependencies": {
        "parquets": "^0.10.10"
      },
      "devDependencies": {
        "@types/node": "^22.13.13"
      }
    },
    "node_modules/@types/node": {
      "version": "22.13.13",
      "resolved": "https://registry.npmjs.org/@types/node/-/node-22.13.13.tgz",
      "integrity": "sha512-ClsL5nMwKaBRwPcCvH8E7+nU4GxHVx1axNvMZTFHMEfNI7oahimt26P5zjVCRrjiIWj6YFXfE1v3dEp94wLcGQ==",
      "dev": true,
      "license": "MIT",
      "dependencies": {
        "undici-types": "~6.20.0"
      }
    },
    "node_modules/async-limiter": {
      "version": "1.0.1",
      "resolved": "https://registry.npmjs.org/async-limiter/-/async-limiter-1.0.1.tgz",
      "integrity": "sha512-csOlWGAcRFJaI6m+F2WKdnMKr4HhdhFVBk0H/QbJFMCr+uO2kwohwXQPxw/9OCxp05r5ghVBFSyioixx3gfkNQ==",
      "license": "MIT"
    },
    "node_modules/base64-js": {
      "version": "1.5.1",
      "resolved": "https://registry.npmjs.org/base64-js/-/base64-js-1.5.1.tgz",
      "integrity": "sha512-AKpaYlHn8t4SVbOHCy+b5+KKgvR4vrsD8vbvrbiQJps7fKDTkjkDry6ji0rUJjC0kzbNePLwzxq8iypo41qeWA==",
      "funding": [
        {
          "type": "github",
          "url": "https://github.com/sponsors/feross"
        },
        {
          "type": "patreon",
          "url": "https://www.patreon.com/feross"
        },
        {
          "type": "consulting",
          "url": "https://feross.org/support"
        }
      ],
      "license": "MIT"
    },
    "node_modules/bson": {
      "version": "4.7.2",
      "resolved": "https://registry.npmjs.org/bson/-/bson-4.7.2.tgz",
      "integrity": "sha512-Ry9wCtIZ5kGqkJoi6aD8KjxFZEx78guTQDnpXWiNthsxzrxAK/i8E6pCHAIZTbaEFWcOCvbecMukfK7XUvyLpQ==",
      "license": "Apache-2.0",
      "dependencies": {
        "buffer": "^5.6.0"
      },
      "engines": {
        "node": ">=6.9.0"
      }
    },
    "node_modules/buffer": {
      "version": "5.7.1",
      "resolved": "https://registry.npmjs.org/buffer/-/buffer-5.7.1.tgz",
      "integrity": "sha512-EHcyIPBQ4BSGlvjB16k5KgAJ27CIsHY/2JBmCRReo48y9rQ3MaUzWX3KVlBa4U7MyX02HdVj0K7C3WaB3ju7FQ==",
      "funding": [
        {
          "type": "github",
          "url": "https://github.com/sponsors/feross"
        },
        {
          "type": "patreon",
          "url": "https://www.patreon.com/feross"
        },
        {
          "type": "consulting",
          "url": "https://feross.org/support"
        }
      ],
      "license": "MIT",
      "dependencies": {
        "base64-js": "^1.3.1",
        "ieee754": "^1.1.13"
      }
    },
    "node_modules/ieee754": {
      "version": "1.2.1",
      "resolved": "https://registry.npmjs.org/ieee754/-/ieee754-1.2.1.tgz",
      "integrity": "sha512-dcyqhDvX1C46lXZcVqCpK+FtMRQVdIMN6/Df5js2zouUsqG7I6sFxitIC+7KYK29KdXOLHdu9zL4sFnoVQnqaA==",
      "funding": [
        {
          "type": "github",
          "url": "https://github.com/sponsors/feross"
        },
        {
          "type": "patreon",
          "url": "https://www.patreon.com/feross"
        },
        {
          "type": "consulting",
          "url": "https://feross.org/support"
        }
      ],
      "license": "BSD-3-Clause"
    },
    "node_modules/int53": {
      "version": "1.0.0",
      "resolved": "https://registry.npmjs.org/int53/-/int53-1.0.0.tgz",
      "integrity": "sha512-u8BMiMa05OPBgd32CKTead0CVTsFVgwFk23nNXo1teKPF6Sxcu0lXxEzP//zTcaKzXbGgPDXGmj/woyv+I4C5w==",
      "license": "BSD-3-Clause"
    },
    "node_modules/node-int64": {
      "version": "0.4.0",
      "resolved": "https://registry.npmjs.org/node-int64/-/node-int64-0.4.0.tgz",
      "integrity": "sha512-O5lz91xSOeoXP6DulyHfllpq+Eg00MWitZIbtPfoSEvqIHdl5gfcY6hYzDWnj0qD5tz52PI08u9qUvSVeUBeHw==",
      "license": "MIT"
    },
    "node_modules/parquets": {
      "version": "0.10.10",
      "resolved": "https://registry.npmjs.org/parquets/-/parquets-0.10.10.tgz",
      "integrity": "sha512-RKnxh5AS5yQSkODlMXzxZnxkGm/rDr51dt8Ml9kvTFfPUr29eaxKKjwQbkTKSX1l/ci5cyscEZjCASqFDfAopA==",
      "license": "MIT",
      "dependencies": {
        "bson": "^4.0.2",
        "int53": "^1.0.0",
        "node-int64": "^0.4.0",
        "thrift": "^0.12.0",
        "varint": "^5.0.0"
      },
      "engines": {
        "node": ">=7.6"
      }
    },
    "node_modules/q": {
      "version": "1.5.1",
      "resolved": "https://registry.npmjs.org/q/-/q-1.5.1.tgz",
      "integrity": "sha512-kV/CThkXo6xyFEZUugw/+pIOywXcDbFYgSct5cT3gqlbkBE1SJdwy6UQoZvodiWF/ckQLZyDE/Bu1M6gVu5lVw==",
      "license": "MIT",
      "engines": {
        "node": ">=0.6.0",
        "teleport": ">=0.2.0"
      }
    },
    "node_modules/thrift": {
      "version": "0.12.0",
      "resolved": "https://registry.npmjs.org/thrift/-/thrift-0.12.0.tgz",
      "integrity": "sha512-qE9PZi4XSbSQLz/sNxj6+ZiiFQYgbM4GmlO3CS/EVJBjCVfd46Zw0aiVIqOvVn74M7XUGyjOs2chAOwK4d4/hQ==",
      "license": "Apache-2.0",
      "dependencies": {
        "node-int64": "^0.4.0",
        "q": "^1.5.0",
        "ws": "^5.0.0"
      },
      "engines": {
        "node": ">= 4.1.0"
      }
    },
    "node_modules/undici-types": {
      "version": "6.20.0",
      "resolved": "https://registry.npmjs.org/undici-types/-/undici-types-6.20.0.tgz",
      "integrity": "sha512-Ny6QZ2Nju20vw1SRHe3d9jVu6gJ+4e3+MMpqu7pqE5HT6WsTSlce++GQmK5UXS8mzV8DSYHrQH+Xrf2jVcuKNg==",
      "dev": true,
      "license": "MIT"
    },
    "node_modules/varint": {
      "version": "5.0.2",
      "resolved": "https://registry.npmjs.org/varint/-/varint-5.0.2.tgz",
      "integrity": "sha512-lKxKYG6H03yCZUpAGOPOsMcGxd1RHCu1iKvEHYDPmTyq2HueGhD73ssNBqqQWfvYs04G9iUFRvmAVLW20Jw6ow==",
      "license": "MIT"
    },
    "node_modules/ws": {
      "version": "5.2.4",
      "resolved": "https://registry.npmjs.org/ws/-/ws-5.2.4.tgz",
      "integrity": "sha512-fFCejsuC8f9kOSu9FYaOw8CdO68O3h5v0lg4p74o8JqWpwTf9tniOD+nOB78aWoVSS6WptVUmDrp/KPsMVBWFQ==",
      "license": "MIT",
      "dependencies": {
        "async-limiter": "~1.0.0"
      }
    }
  }
}
